{
  "lockfileVersion": 1,
  "configVersion": 0,
  "workspaces": {
    "": {
      "name": "package-json-validator",
      "dependencies": {
        "@actions/core": "3.0.0",
        "@actions/github": "9.0.0",
      },
      "devDependencies": {
        "@types/bun": "1.3.8",
        "eslint": "10.0.0",
        "husky": "9.1.7",
        "prettier": "3.8.1",
        "type-fest": "5.4.3",
        "typescript": "5.9.3",
        "typescript-eslint": "8.54.0",
      },
    },
  },
  "packages": {
    "@aashutoshrathi/word-wrap": ["@aashutoshrathi/word-wrap@1.2.6", "", {}, "sha512-1Yjs2SvM8TflER/OD3cOjhWWOZb58A2t7wpE2S9XfBYTiIl+XFhQG2bjy4Pu1I+EAlCNUzRDYDdFwFYUKvXcIA=="],

    "@actions/core": ["@actions/core@3.0.0", "", { "dependencies": { "@actions/exec": "^3.0.0", "@actions/http-client": "^4.0.0" } }, "sha512-zYt6cz+ivnTmiT/ksRVriMBOiuoUpDCJJlZ5KPl2/FRdvwU3f7MPh9qftvbkXJThragzUZieit2nyHUyw53Seg=="],

    "@actions/exec": ["@actions/exec@3.0.0", "", { "dependencies": { "@actions/io": "^3.0.2" } }, "sha512-6xH/puSoNBXb72VPlZVm7vQ+svQpFyA96qdDBvhB8eNZOE8LtPf9L4oAsfzK/crCL8YZ+19fKYVnM63Sl+Xzlw=="],

    "@actions/github": ["@actions/github@9.0.0", "", { "dependencies": { "@actions/http-client": "^3.0.2", "@octokit/core": "^7.0.6", "@octokit/plugin-paginate-rest": "^14.0.0", "@octokit/plugin-rest-endpoint-methods": "^17.0.0", "@octokit/request": "^10.0.7", "@octokit/request-error": "^7.1.0", "undici": "^6.23.0" } }, "sha512-yJ0RoswsAaKcvkmpCE4XxBRiy/whH2SdTBHWzs0gi4wkqTDhXMChjSdqBz/F4AeiDlP28rQqL33iHb+kjAMX6w=="],

    "@actions/http-client": ["@actions/http-client@4.0.0", "", { "dependencies": { "tunnel": "^0.0.6", "undici": "^6.23.0" } }, "sha512-QuwPsgVMsD6qaPD57GLZi9sqzAZCtiJT8kVBCDpLtxhL5MydQ4gS+DrejtZZPdIYyB1e95uCK9Luyds7ybHI3g=="],

    "@actions/io": ["@actions/io@3.0.2", "", {}, "sha512-nRBchcMM+QK1pdjO7/idu86rbJI5YHUKCvKs0KxnSYbVe3F51UfGxuZX4Qy/fWlp6l7gWFwIkrOzN+oUK03kfw=="],

    "@eslint-community/eslint-utils": ["@eslint-community/eslint-utils@4.9.1", "", { "dependencies": { "eslint-visitor-keys": "^3.4.3" }, "peerDependencies": { "eslint": "^6.0.0 || ^7.0.0 || >=8.0.0" } }, "sha512-phrYmNiYppR7znFEdqgfWHXR6NCkZEK7hwWDHZUjit/2/U0r6XvkDl0SYnoM51Hq7FhCGdLDT6zxCCOY1hexsQ=="],

    "@eslint-community/regexpp": ["@eslint-community/regexpp@4.12.2", "", {}, "sha512-EriSTlt5OC9/7SXkRSCAhfSxxoSUgBm33OH+IkwbdpgoqsSsUg7y3uh+IICI/Qg4BBWr3U2i39RpmycbxMq4ew=="],

    "@eslint/config-array": ["@eslint/config-array@0.23.1", "", { "dependencies": { "@eslint/object-schema": "^3.0.1", "debug": "^4.3.1", "minimatch": "^10.1.1" } }, "sha512-uVSdg/V4dfQmTjJzR0szNczjOH/J+FyUMMjYtr07xFRXR7EDf9i1qdxrD0VusZH9knj1/ecxzCQQxyic5NzAiA=="],

    "@eslint/config-helpers": ["@eslint/config-helpers@0.5.2", "", { "dependencies": { "@eslint/core": "^1.1.0" } }, "sha512-a5MxrdDXEvqnIq+LisyCX6tQMPF/dSJpCfBgBauY+pNZ28yCtSsTvyTYrMhaI+LK26bVyCJfJkT0u8KIj2i1dQ=="],

    "@eslint/core": ["@eslint/core@1.1.0", "", { "dependencies": { "@types/json-schema": "^7.0.15" } }, "sha512-/nr9K9wkr3P1EzFTdFdMoLuo1PmIxjmwvPozwoSodjNBdefGujXQUF93u1DDZpEaTuDvMsIQddsd35BwtrW9Xw=="],

    "@eslint/object-schema": ["@eslint/object-schema@3.0.1", "", {}, "sha512-P9cq2dpr+LU8j3qbLygLcSZrl2/ds/pUpfnHNNuk5HW7mnngHs+6WSq5C9mO3rqRX8A1poxqLTC9cu0KOyJlBg=="],

    "@eslint/plugin-kit": ["@eslint/plugin-kit@0.6.0", "", { "dependencies": { "@eslint/core": "^1.1.0", "levn": "^0.4.1" } }, "sha512-bIZEUzOI1jkhviX2cp5vNyXQc6olzb2ohewQubuYlMXZ2Q/XjBO0x0XhGPvc9fjSIiUN0vw+0hq53BJ4eQSJKQ=="],

    "@humanfs/core": ["@humanfs/core@0.19.1", "", {}, "sha512-5DyQ4+1JEUzejeK1JGICcideyfUbGixgS9jNgex5nqkW+cY7WZhxBigmieN5Qnw9ZosSNVC9KQKyb+GUaGyKUA=="],

    "@humanfs/node": ["@humanfs/node@0.16.6", "", { "dependencies": { "@humanfs/core": "^0.19.1", "@humanwhocodes/retry": "^0.3.0" } }, "sha512-YuI2ZHQL78Q5HbhDiBA1X4LmYdXCKCMQIfw0pw7piHJwyREFebJUvrQN4cMssyES6x+vfUbx1CIpaQUKYdQZOw=="],

    "@humanwhocodes/module-importer": ["@humanwhocodes/module-importer@1.0.1", "", {}, "sha512-bxveV4V8v5Yb4ncFTT3rPSgZBOpCkjfK0y4oVVVJwIuDVBRMDXrPyXRL988i5ap9m9bnyEEjWfm5WkBmtffLfA=="],

    "@humanwhocodes/retry": ["@humanwhocodes/retry@0.4.2", "", {}, "sha512-xeO57FpIu4p1Ri3Jq/EXq4ClRm86dVF2z/+kvFnyqVYRavTZmaFaUBbWCOuuTh0o/g7DSsk6kc2vrS4Vl5oPOQ=="],

    "@isaacs/cliui": ["@isaacs/cliui@9.0.0", "", {}, "sha512-AokJm4tuBHillT+FpMtxQ60n8ObyXBatq7jD2/JA9dxbDDokKQm8KMht5ibGzLVU9IJDIKK4TPKgMHEYMn3lMg=="],

    "@octokit/auth-token": ["@octokit/auth-token@6.0.0", "", {}, "sha512-P4YJBPdPSpWTQ1NU4XYdvHvXJJDxM6YwpS0FZHRgP7YFkdVxsWcpWGy/NVqlAA7PcPCnMacXlRm1y2PFZRWL/w=="],

    "@octokit/core": ["@octokit/core@7.0.6", "", { "dependencies": { "@octokit/auth-token": "^6.0.0", "@octokit/graphql": "^9.0.3", "@octokit/request": "^10.0.6", "@octokit/request-error": "^7.0.2", "@octokit/types": "^16.0.0", "before-after-hook": "^4.0.0", "universal-user-agent": "^7.0.0" } }, "sha512-DhGl4xMVFGVIyMwswXeyzdL4uXD5OGILGX5N8Y+f6W7LhC1Ze2poSNrkF/fedpVDHEEZ+PHFW0vL14I+mm8K3Q=="],

    "@octokit/endpoint": ["@octokit/endpoint@11.0.2", "", { "dependencies": { "@octokit/types": "^16.0.0", "universal-user-agent": "^7.0.2" } }, "sha512-4zCpzP1fWc7QlqunZ5bSEjxc6yLAlRTnDwKtgXfcI/FxxGoqedDG8V2+xJ60bV2kODqcGB+nATdtap/XYq2NZQ=="],

    "@octokit/graphql": ["@octokit/graphql@9.0.3", "", { "dependencies": { "@octokit/request": "^10.0.6", "@octokit/types": "^16.0.0", "universal-user-agent": "^7.0.0" } }, "sha512-grAEuupr/C1rALFnXTv6ZQhFuL1D8G5y8CN04RgrO4FIPMrtm+mcZzFG7dcBm+nq+1ppNixu+Jd78aeJOYxlGA=="],

    "@octokit/openapi-types": ["@octokit/openapi-types@27.0.0", "", {}, "sha512-whrdktVs1h6gtR+09+QsNk2+FO+49j6ga1c55YZudfEG+oKJVvJLQi3zkOm5JjiUXAagWK2tI2kTGKJ2Ys7MGA=="],

    "@octokit/plugin-paginate-rest": ["@octokit/plugin-paginate-rest@14.0.0", "", { "dependencies": { "@octokit/types": "^16.0.0" }, "peerDependencies": { "@octokit/core": ">=6" } }, "sha512-fNVRE7ufJiAA3XUrha2omTA39M6IXIc6GIZLvlbsm8QOQCYvpq/LkMNGyFlB1d8hTDzsAXa3OKtybdMAYsV/fw=="],

    "@octokit/plugin-rest-endpoint-methods": ["@octokit/plugin-rest-endpoint-methods@17.0.0", "", { "dependencies": { "@octokit/types": "^16.0.0" }, "peerDependencies": { "@octokit/core": ">=6" } }, "sha512-B5yCyIlOJFPqUUeiD0cnBJwWJO8lkJs5d8+ze9QDP6SvfiXSz1BF+91+0MeI1d2yxgOhU/O+CvtiZ9jSkHhFAw=="],

    "@octokit/request": ["@octokit/request@10.0.7", "", { "dependencies": { "@octokit/endpoint": "^11.0.2", "@octokit/request-error": "^7.0.2", "@octokit/types": "^16.0.0", "fast-content-type-parse": "^3.0.0", "universal-user-agent": "^7.0.2" } }, "sha512-v93h0i1yu4idj8qFPZwjehoJx4j3Ntn+JhXsdJrG9pYaX6j/XRz2RmasMUHtNgQD39nrv/VwTWSqK0RNXR8upA=="],

    "@octokit/request-error": ["@octokit/request-error@7.1.0", "", { "dependencies": { "@octokit/types": "^16.0.0" } }, "sha512-KMQIfq5sOPpkQYajXHwnhjCC0slzCNScLHs9JafXc4RAJI+9f+jNDlBNaIMTvazOPLgb4BnlhGJOTbnN0wIjPw=="],

    "@octokit/types": ["@octokit/types@16.0.0", "", { "dependencies": { "@octokit/openapi-types": "^27.0.0" } }, "sha512-sKq+9r1Mm4efXW1FCk7hFSeJo4QKreL/tTbR0rz/qx/r1Oa2VV83LTA/H/MuCOX7uCIJmQVRKBcbmWoySjAnSg=="],

    "@types/bun": ["@types/bun@1.3.8", "", { "dependencies": { "bun-types": "1.3.8" } }, "sha512-3LvWJ2q5GerAXYxO2mffLTqOzEu5qnhEAlh48Vnu8WQfnmSwbgagjGZV6BoHKJztENYEDn6QmVd949W4uESRJA=="],

    "@types/esrecurse": ["@types/esrecurse@4.3.1", "", {}, "sha512-xJBAbDifo5hpffDBuHl0Y8ywswbiAp/Wi7Y/GtAgSlZyIABppyurxVueOPE8LUQOxdlgi6Zqce7uoEpqNTeiUw=="],

    "@types/estree": ["@types/estree@1.0.6", "", {}, "sha512-AYnb1nQyY49te+VRAVgmzfcgjYS91mY5P0TKUDCLEM+gNnA+3T6rWITXRLYCpahpqSQbN5cE+gHpnPyXjHWxcw=="],

    "@types/json-schema": ["@types/json-schema@7.0.15", "", {}, "sha512-5+fP8P8MFNC+AyZCDxrB2pkZFPGzqQWUzpSeuuVLvm8VMcorNYavBqoFcxK8bQz4Qsbn4oUEEem4wDLfcysGHA=="],

    "@types/node": ["@types/node@20.12.7", "", { "dependencies": { "undici-types": "~5.26.4" } }, "sha512-wq0cICSkRLVaf3UGLMGItu/PtdY7oaXaI/RVU+xliKVOtRna3PRY57ZDfztpDL0n11vfymMUnXv8QwYCO7L1wg=="],

    "@typescript-eslint/eslint-plugin": ["@typescript-eslint/eslint-plugin@8.54.0", "", { "dependencies": { "@eslint-community/regexpp": "^4.12.2", "@typescript-eslint/scope-manager": "8.54.0", "@typescript-eslint/type-utils": "8.54.0", "@typescript-eslint/utils": "8.54.0", "@typescript-eslint/visitor-keys": "8.54.0", "ignore": "^7.0.5", "natural-compare": "^1.4.0", "ts-api-utils": "^2.4.0" }, "peerDependencies": { "@typescript-eslint/parser": "^8.54.0", "eslint": "^8.57.0 || ^9.0.0", "typescript": ">=4.8.4 <6.0.0" } }, "sha512-hAAP5io/7csFStuOmR782YmTthKBJ9ND3WVL60hcOjvtGFb+HJxH4O5huAcmcZ9v9G8P+JETiZ/G1B8MALnWZQ=="],

    "@typescript-eslint/parser": ["@typescript-eslint/parser@8.54.0", "", { "dependencies": { "@typescript-eslint/scope-manager": "8.54.0", "@typescript-eslint/types": "8.54.0", "@typescript-eslint/typescript-estree": "8.54.0", "@typescript-eslint/visitor-keys": "8.54.0", "debug": "^4.4.3" }, "peerDependencies": { "eslint": "^8.57.0 || ^9.0.0", "typescript": ">=4.8.4 <6.0.0" } }, "sha512-BtE0k6cjwjLZoZixN0t5AKP0kSzlGu7FctRXYuPAm//aaiZhmfq1JwdYpYr1brzEspYyFeF+8XF5j2VK6oalrA=="],

    "@typescript-eslint/project-service": ["@typescript-eslint/project-service@8.54.0", "", { "dependencies": { "@typescript-eslint/tsconfig-utils": "^8.54.0", "@typescript-eslint/types": "^8.54.0", "debug": "^4.4.3" }, "peerDependencies": { "typescript": ">=4.8.4 <6.0.0" } }, "sha512-YPf+rvJ1s7MyiWM4uTRhE4DvBXrEV+d8oC3P9Y2eT7S+HBS0clybdMIPnhiATi9vZOYDc7OQ1L/i6ga6NFYK/g=="],

    "@typescript-eslint/scope-manager": ["@typescript-eslint/scope-manager@8.54.0", "", { "dependencies": { "@typescript-eslint/types": "8.54.0", "@typescript-eslint/visitor-keys": "8.54.0" } }, "sha512-27rYVQku26j/PbHYcVfRPonmOlVI6gihHtXFbTdB5sb6qA0wdAQAbyXFVarQ5t4HRojIz64IV90YtsjQSSGlQg=="],

    "@typescript-eslint/tsconfig-utils": ["@typescript-eslint/tsconfig-utils@8.54.0", "", { "peerDependencies": { "typescript": ">=4.8.4 <6.0.0" } }, "sha512-dRgOyT2hPk/JwxNMZDsIXDgyl9axdJI3ogZ2XWhBPsnZUv+hPesa5iuhdYt2gzwA9t8RE5ytOJ6xB0moV0Ujvw=="],

    "@typescript-eslint/type-utils": ["@typescript-eslint/type-utils@8.54.0", "", { "dependencies": { "@typescript-eslint/types": "8.54.0", "@typescript-eslint/typescript-estree": "8.54.0", "@typescript-eslint/utils": "8.54.0", "debug": "^4.4.3", "ts-api-utils": "^2.4.0" }, "peerDependencies": { "eslint": "^8.57.0 || ^9.0.0", "typescript": ">=4.8.4 <6.0.0" } }, "sha512-hiLguxJWHjjwL6xMBwD903ciAwd7DmK30Y9Axs/etOkftC3ZNN9K44IuRD/EB08amu+Zw6W37x9RecLkOo3pMA=="],

    "@typescript-eslint/types": ["@typescript-eslint/types@8.54.0", "", {}, "sha512-PDUI9R1BVjqu7AUDsRBbKMtwmjWcn4J3le+5LpcFgWULN3LvHC5rkc9gCVxbrsrGmO1jfPybN5s6h4Jy+OnkAA=="],

    "@typescript-eslint/typescript-estree": ["@typescript-eslint/typescript-estree@8.54.0", "", { "dependencies": { "@typescript-eslint/project-service": "8.54.0", "@typescript-eslint/tsconfig-utils": "8.54.0", "@typescript-eslint/types": "8.54.0", "@typescript-eslint/visitor-keys": "8.54.0", "debug": "^4.4.3", "minimatch": "^9.0.5", "semver": "^7.7.3", "tinyglobby": "^0.2.15", "ts-api-utils": "^2.4.0" }, "peerDependencies": { "typescript": ">=4.8.4 <6.0.0" } }, "sha512-BUwcskRaPvTk6fzVWgDPdUndLjB87KYDrN5EYGetnktoeAvPtO4ONHlAZDnj5VFnUANg0Sjm7j4usBlnoVMHwA=="],

    "@typescript-eslint/utils": ["@typescript-eslint/utils@8.54.0", "", { "dependencies": { "@eslint-community/eslint-utils": "^4.9.1", "@typescript-eslint/scope-manager": "8.54.0", "@typescript-eslint/types": "8.54.0", "@typescript-eslint/typescript-estree": "8.54.0" }, "peerDependencies": { "eslint": "^8.57.0 || ^9.0.0", "typescript": ">=4.8.4 <6.0.0" } }, "sha512-9Cnda8GS57AQakvRyG0PTejJNlA2xhvyNtEVIMlDWOOeEyBkYWhGPnfrIAnqxLMTSTo6q8g12XVjjev5l1NvMA=="],

    "@typescript-eslint/visitor-keys": ["@typescript-eslint/visitor-keys@8.54.0", "", { "dependencies": { "@typescript-eslint/types": "8.54.0", "eslint-visitor-keys": "^4.2.1" } }, "sha512-VFlhGSl4opC0bprJiItPQ1RfUhGDIBokcPwaFH4yiBCaNPeld/9VeXbiPO1cLyorQi1G1vL+ecBk1x8o1axORA=="],

    "acorn": ["acorn@8.15.0", "", { "bin": { "acorn": "bin/acorn" } }, "sha512-NZyJarBfL7nWwIq+FDL6Zp/yHEhePMNnnJ0y3qfieCrmNvYct8uvtiV41UvlSe6apAfk0fY1FbWx+NwfmpvtTg=="],

    "acorn-jsx": ["acorn-jsx@5.3.2", "", { "peerDependencies": { "acorn": "^6.0.0 || ^7.0.0 || ^8.0.0" } }, "sha512-rq9s+JNhf0IChjtDXxllJ7g41oZk5SlXtp0LHwyA5cejwn7vKmKp4pPri6YEePv2PU65sAsegbXtIinmDFDXgQ=="],

    "ajv": ["ajv@6.12.6", "", { "dependencies": { "fast-deep-equal": "^3.1.1", "fast-json-stable-stringify": "^2.0.0", "json-schema-traverse": "^0.4.1", "uri-js": "^4.2.2" } }, "sha512-j3fVLgvTo527anyYyJOGTYJbG+vnnQYvE0m5mmkc1TK+nxAppkCLMIL0aZ4dblVCNoGShhm+kzE4ZUykBoMg4g=="],

    "balanced-match": ["balanced-match@4.0.2", "", { "dependencies": { "jackspeak": "^4.2.3" } }, "sha512-x0K50QvKQ97fdEz2kPehIerj+YTeptKF9hyYkKf6egnwmMWAkADiO0QCzSp0R5xN8FTZgYaBfSaue46Ej62nMg=="],

    "before-after-hook": ["before-after-hook@4.0.0", "", {}, "sha512-q6tR3RPqIB1pMiTRMFcZwuG5T8vwp+vUvEG0vuI6B+Rikh5BfPp2fQ82c925FOs+b0lcFQ8CFrL+KbilfZFhOQ=="],

    "brace-expansion": ["brace-expansion@5.0.2", "", { "dependencies": { "balanced-match": "^4.0.2" } }, "sha512-Pdk8c9poy+YhOgVWw1JNN22/HcivgKWwpxKq04M/jTmHyCZn12WPJebZxdjSa5TmBqISrUSgNYU3eRORljfCCw=="],

    "bun-types": ["bun-types@1.3.8", "", { "dependencies": { "@types/node": "*" } }, "sha512-fL99nxdOWvV4LqjmC+8Q9kW3M4QTtTR1eePs94v5ctGqU8OeceWrSUaRw3JYb7tU3FkMIAjkueehrHPPPGKi5Q=="],

    "cross-spawn": ["cross-spawn@7.0.6", "", { "dependencies": { "path-key": "^3.1.0", "shebang-command": "^2.0.0", "which": "^2.0.1" } }, "sha512-uV2QOWP2nWzsy2aMp8aRibhi9dlzF5Hgh5SHaB9OiTGEyDTiJJyx0uy51QXdyWbtAHNua4XJzUKca3OzKUd3vA=="],

    "debug": ["debug@4.4.3", "", { "dependencies": { "ms": "^2.1.3" } }, "sha512-RGwwWnwQvkVfavKVt22FGLw+xYSdzARwm0ru6DhTVA3umU5hZc28V3kO4stgYryrTlLpuvgI9GiijltAjNbcqA=="],

    "deep-is": ["deep-is@0.1.4", "", {}, "sha512-oIPzksmTg4/MriiaYGO+okXDT7ztn/w3Eptv/+gSIdMdKsJo0u4CfYNFJPy+4SKMuCqGw2wxnA+URMg3t8a/bQ=="],

    "escape-string-regexp": ["escape-string-regexp@4.0.0", "", {}, "sha512-TtpcNJ3XAzx3Gq8sWRzJaVajRs0uVxA2YAkdb1jm2YkPz4G6egUFAyA3n5vtEIZefPk5Wa4UXbKuS5fKkJWdgA=="],

    "eslint": ["eslint@10.0.0", "", { "dependencies": { "@eslint-community/eslint-utils": "^4.8.0", "@eslint-community/regexpp": "^4.12.2", "@eslint/config-array": "^0.23.0", "@eslint/config-helpers": "^0.5.2", "@eslint/core": "^1.1.0", "@eslint/plugin-kit": "^0.6.0", "@humanfs/node": "^0.16.6", "@humanwhocodes/module-importer": "^1.0.1", "@humanwhocodes/retry": "^0.4.2", "@types/estree": "^1.0.6", "ajv": "^6.12.4", "cross-spawn": "^7.0.6", "debug": "^4.3.2", "escape-string-regexp": "^4.0.0", "eslint-scope": "^9.1.0", "eslint-visitor-keys": "^5.0.0", "espree": "^11.1.0", "esquery": "^1.7.0", "esutils": "^2.0.2", "fast-deep-equal": "^3.1.3", "file-entry-cache": "^8.0.0", "find-up": "^5.0.0", "glob-parent": "^6.0.2", "ignore": "^5.2.0", "imurmurhash": "^0.1.4", "is-glob": "^4.0.0", "json-stable-stringify-without-jsonify": "^1.0.1", "minimatch": "^10.1.1", "natural-compare": "^1.4.0", "optionator": "^0.9.3" }, "peerDependencies": { "jiti": "*" }, "optionalPeers": ["jiti"], "bin": { "eslint": "bin/eslint.js" } }, "sha512-O0piBKY36YSJhlFSG8p9VUdPV/SxxS4FYDWVpr/9GJuMaepzwlf4J8I4ov1b+ySQfDTPhc3DtLaxcT1fN0yqCg=="],

    "eslint-scope": ["eslint-scope@9.1.0", "", { "dependencies": { "@types/esrecurse": "^4.3.1", "@types/estree": "^1.0.8", "esrecurse": "^4.3.0", "estraverse": "^5.2.0" } }, "sha512-CkWE42hOJsNj9FJRaoMX9waUFYhqY4jmyLFdAdzZr6VaCg3ynLYx4WnOdkaIifGfH4gsUcBTn4OZbHXkpLD0FQ=="],

    "eslint-visitor-keys": ["eslint-visitor-keys@5.0.0", "", {}, "sha512-A0XeIi7CXU7nPlfHS9loMYEKxUaONu/hTEzHTGba9Huu94Cq1hPivf+DE5erJozZOky0LfvXAyrV/tcswpLI0Q=="],

    "espree": ["espree@11.1.0", "", { "dependencies": { "acorn": "^8.15.0", "acorn-jsx": "^5.3.2", "eslint-visitor-keys": "^5.0.0" } }, "sha512-WFWYhO1fV4iYkqOOvq8FbqIhr2pYfoDY0kCotMkDeNtGpiGGkZ1iov2u8ydjtgM8yF8rzK7oaTbw2NAzbAbehw=="],

    "esquery": ["esquery@1.7.0", "", { "dependencies": { "estraverse": "^5.1.0" } }, "sha512-Ap6G0WQwcU/LHsvLwON1fAQX9Zp0A2Y6Y/cJBl9r/JbW90Zyg4/zbG6zzKa2OTALELarYHmKu0GhpM5EO+7T0g=="],

    "esrecurse": ["esrecurse@4.3.0", "", { "dependencies": { "estraverse": "^5.2.0" } }, "sha512-KmfKL3b6G+RXvP8N1vr3Tq1kL/oCFgn2NYXEtqP8/L3pKapUA4G8cFVaoF3SU323CD4XypR/ffioHmkti6/Tag=="],

    "estraverse": ["estraverse@5.3.0", "", {}, "sha512-MMdARuVEQziNTeJD8DgMqmhwR11BRQ/cBP+pLtYdSTnf3MIO8fFeiINEbX36ZdNlfU/7A9f3gUw49B3oQsvwBA=="],

    "esutils": ["esutils@2.0.3", "", {}, "sha512-kVscqXk4OCp68SZ0dkgEKVi6/8ij300KBWTJq32P/dYeWTSwK41WyTxalN1eRmA5Z9UU/LX9D7FWSmV9SAYx6g=="],

    "fast-content-type-parse": ["fast-content-type-parse@3.0.0", "", {}, "sha512-ZvLdcY8P+N8mGQJahJV5G4U88CSvT1rP8ApL6uETe88MBXrBHAkZlSEySdUlyztF7ccb+Znos3TFqaepHxdhBg=="],

    "fast-deep-equal": ["fast-deep-equal@3.1.3", "", {}, "sha512-f3qQ9oQy9j2AhBe/H9VC91wLmKBCCU/gDOnKNAYG5hswO7BLKj09Hc5HYNz9cGI++xlpDCIgDaitVs03ATR84Q=="],

    "fast-json-stable-stringify": ["fast-json-stable-stringify@2.1.0", "", {}, "sha512-lhd/wF+Lk98HZoTCtlVraHtfh5XYijIjalXck7saUtuanSDyLMxnHhSXEDJqHxD7msR8D0uCmqlkwjCV8xvwHw=="],

    "fast-levenshtein": ["fast-levenshtein@2.0.6", "", {}, "sha512-DCXu6Ifhqcks7TZKY3Hxp3y6qphY5SJZmrWMDrKcERSOXWQdMhU9Ig/PYrzyw/ul9jOIyh0N4M0tbC5hodg8dw=="],

    "fdir": ["fdir@6.5.0", "", { "peerDependencies": { "picomatch": "^3 || ^4" }, "optionalPeers": ["picomatch"] }, "sha512-tIbYtZbucOs0BRGqPJkshJUYdL+SDH7dVM8gjy+ERp3WAUjLEFJE+02kanyHtwjWOnwrKYBiwAmM0p4kLJAnXg=="],

    "file-entry-cache": ["file-entry-cache@8.0.0", "", { "dependencies": { "flat-cache": "^4.0.0" } }, "sha512-XXTUwCvisa5oacNGRP9SfNtYBNAMi+RPwBFmblZEF7N7swHYQS6/Zfk7SRwx4D5j3CH211YNRco1DEMNVfZCnQ=="],

    "find-up": ["find-up@5.0.0", "", { "dependencies": { "locate-path": "^6.0.0", "path-exists": "^4.0.0" } }, "sha512-78/PXT1wlLLDgTzDs7sjq9hzz0vXD+zn+7wypEe4fXQxCmdmqfGsEPQxmiCSQI3ajFV91bVSsvNtrJRiW6nGng=="],

    "flat-cache": ["flat-cache@4.0.1", "", { "dependencies": { "flatted": "^3.2.9", "keyv": "^4.5.4" } }, "sha512-f7ccFPK3SXFHpx15UIGyRJ/FJQctuKZ0zVuN3frBo4HnK3cay9VEW0R6yPYFHC0AgqhukPzKjq22t5DmAyqGyw=="],

    "flatted": ["flatted@3.3.1", "", {}, "sha512-X8cqMLLie7KsNUDSdzeN8FYK9rEt4Dt67OsG/DNGnYTSDBG4uFAJFBnUeiV+zCVAvwFy56IjM9sH51jVaEhNxw=="],

    "glob-parent": ["glob-parent@6.0.2", "", { "dependencies": { "is-glob": "^4.0.3" } }, "sha512-XxwI8EOhVQgWp6iDL+3b0r86f4d6AX6zSU55HfB4ydCEuXLXc5FcYeOu+nnGftS4TEju/11rt4KJPTMgbfmv4A=="],

    "husky": ["husky@9.1.7", "", { "bin": { "husky": "bin.js" } }, "sha512-5gs5ytaNjBrh5Ow3zrvdUUY+0VxIuWVL4i9irt6friV+BqdCfmV11CQTWMiBYWHbXhco+J1kHfTOUkePhCDvMA=="],

    "ignore": ["ignore@5.3.1", "", {}, "sha512-5Fytz/IraMjqpwfd34ke28PTVMjZjJG2MPn5t7OE4eUCUNf8BAa7b5WUS9/Qvr6mwOQS7Mk6vdsMno5he+T8Xw=="],

    "imurmurhash": ["imurmurhash@0.1.4", "", {}, "sha512-JmXMZ6wuvDmLiHEml9ykzqO6lwFbof0GG4IkcGaENdCRDDmMVnny7s5HsIgHCbaq0w2MyPhDqkhTUgS2LU2PHA=="],

    "is-extglob": ["is-extglob@2.1.1", "", {}, "sha512-SbKbANkN603Vi4jEZv49LeVJMn4yGwsbzZworEoyEiutsN3nJYdbO36zfhGJ6QEDpOZIFkDtnq5JRxmvl3jsoQ=="],

    "is-glob": ["is-glob@4.0.3", "", { "dependencies": { "is-extglob": "^2.1.1" } }, "sha512-xelSayHH36ZgE7ZWhli7pW34hNbNl8Ojv5KVmkJD4hBdD3th8Tfk9vYasLM+mXWOZhFkgZfxhLSnrwRr4elSSg=="],

    "isexe": ["isexe@2.0.0", "", {}, "sha512-RHxMLp9lnKHGHRng9QFhRCMbYAcVpn69smSGcq3f36xjgVVWThj4qqLbTLlq7Ssj8B+fIQ1EuCEGI2lKsyQeIw=="],

    "jackspeak": ["jackspeak@4.2.3", "", { "dependencies": { "@isaacs/cliui": "^9.0.0" } }, "sha512-ykkVRwrYvFm1nb2AJfKKYPr0emF6IiXDYUaFx4Zn9ZuIH7MrzEZ3sD5RlqGXNRpHtvUHJyOnCEFxOlNDtGo7wg=="],

    "json-buffer": ["json-buffer@3.0.1", "", {}, "sha512-4bV5BfR2mqfQTJm+V5tPPdf+ZpuhiIvTuAB5g8kcrXOZpTT/QwwVRWBywX1ozr6lEuPdbHxwaJlm9G6mI2sfSQ=="],

    "json-schema-traverse": ["json-schema-traverse@0.4.1", "", {}, "sha512-xbbCH5dCYU5T8LcEhhuh7HJ88HXuW3qsI3Y0zOZFKfZEHcpWiHU/Jxzk629Brsab/mMiHQti9wMP+845RPe3Vg=="],

    "json-stable-stringify-without-jsonify": ["json-stable-stringify-without-jsonify@1.0.1", "", {}, "sha512-Bdboy+l7tA3OGW6FjyFHWkP5LuByj1Tk33Ljyq0axyzdk9//JSi2u3fP1QSmd1KNwq6VOKYGlAu87CisVir6Pw=="],

    "keyv": ["keyv@4.5.4", "", { "dependencies": { "json-buffer": "3.0.1" } }, "sha512-oxVHkHR/EJf2CNXnWxRLW6mg7JyCCUcG0DtEGmL2ctUo1PNTin1PUil+r/+4r5MpVgC/fn1kjsx7mjSujKqIpw=="],

    "levn": ["levn@0.4.1", "", { "dependencies": { "prelude-ls": "^1.2.1", "type-check": "~0.4.0" } }, "sha512-+bT2uH4E5LGE7h/n3evcS/sQlJXCpIp6ym8OWJ5eV6+67Dsql/LaaT7qJBAt2rzfoa/5QBGBhxDix1dMt2kQKQ=="],

    "locate-path": ["locate-path@6.0.0", "", { "dependencies": { "p-locate": "^5.0.0" } }, "sha512-iPZK6eYjbxRu3uB4/WZ3EsEIMJFMqAoopl3R+zuq0UjcAm/MO6KCweDgPfP3elTztoKP3KtnVHxTn2NHBSDVUw=="],

    "minimatch": ["minimatch@10.1.3", "", { "dependencies": { "brace-expansion": "^5.0.2" } }, "sha512-IF6URNyBX7Z6XfvjpaNy5meRxPZiIf2OqtOoSLs+hLJ9pJAScnM1RjrFcbCaD85y42KcI+oZmKjFIJKYDFjQfg=="],

    "ms": ["ms@2.1.3", "", {}, "sha512-6FlzubTLZG3J2a/NVCAleEhjzq5oxgHyaCU9yYXvcLsvoVaHJq/s5xXI6/XXP6tz7R9xAOtHnSO/tXtF3WRTlA=="],

    "natural-compare": ["natural-compare@1.4.0", "", {}, "sha512-OWND8ei3VtNC9h7V60qff3SVobHr996CTwgxubgyQYEpg290h9J0buyECNNJexkFm5sOajh5G116RYA1c8ZMSw=="],

    "optionator": ["optionator@0.9.3", "", { "dependencies": { "@aashutoshrathi/word-wrap": "^1.2.3", "deep-is": "^0.1.3", "fast-levenshtein": "^2.0.6", "levn": "^0.4.1", "prelude-ls": "^1.2.1", "type-check": "^0.4.0" } }, "sha512-JjCoypp+jKn1ttEFExxhetCKeJt9zhAgAve5FXHixTvFDW/5aEktX9bufBKLRRMdU7bNtpLfcGu94B3cdEJgjg=="],

    "p-limit": ["p-limit@3.1.0", "", { "dependencies": { "yocto-queue": "^0.1.0" } }, "sha512-TYOanM3wGwNGsZN2cVTYPArw454xnXj5qmWF1bEoAc4+cU/ol7GVh7odevjp1FNHduHc3KZMcFduxU5Xc6uJRQ=="],

    "p-locate": ["p-locate@5.0.0", "", { "dependencies": { "p-limit": "^3.0.2" } }, "sha512-LaNjtRWUBY++zB5nE/NwcaoMylSPk+S+ZHNB1TzdbMJMny6dynpAGt7X/tl/QYq3TIeE6nxHppbo2LGymrG5Pw=="],

    "path-exists": ["path-exists@4.0.0", "", {}, "sha512-ak9Qy5Q7jYb2Wwcey5Fpvg2KoAc/ZIhLSLOSBmRmygPsGwkVVt0fZa0qrtMz+m6tJTAHfZQ8FnmB4MG4LWy7/w=="],

    "path-key": ["path-key@3.1.1", "", {}, "sha512-ojmeN0qd+y0jszEtoY48r0Peq5dwMEkIlCOu6Q5f41lfkswXuKtYrhgoTpLnyIcHm24Uhqx+5Tqm2InSwLhE6Q=="],

    "picomatch": ["picomatch@4.0.3", "", {}, "sha512-5gTmgEY/sqK6gFXLIsQNH19lWb4ebPDLA4SdLP7dsWkIXHWlG66oPuVvXSGFPppYZz8ZDZq0dYYrbHfBCVUb1Q=="],

    "prelude-ls": ["prelude-ls@1.2.1", "", {}, "sha512-vkcDPrRZo1QZLbn5RLGPpg/WmIQ65qoWWhcGKf/b5eplkkarX0m9z8ppCat4mlOqUsWpyNuYgO3VRyrYHSzX5g=="],

    "prettier": ["prettier@3.8.1", "", { "bin": { "prettier": "bin/prettier.cjs" } }, "sha512-UOnG6LftzbdaHZcKoPFtOcCKztrQ57WkHDeRD9t/PTQtmT0NHSeWWepj6pS0z/N7+08BHFDQVUrfmfMRcZwbMg=="],

    "punycode": ["punycode@2.3.1", "", {}, "sha512-vYt7UD1U9Wg6138shLtLOvdAu+8DsC/ilFtEVHcH+wydcSpNE20AfSOduf6MkRFahL5FY7X1oU7nKVZFtfq8Fg=="],

    "semver": ["semver@7.7.3", "", { "bin": { "semver": "bin/semver.js" } }, "sha512-SdsKMrI9TdgjdweUSR9MweHA4EJ8YxHn8DFaDisvhVlUOe4BF1tLD7GAj0lIqWVl+dPb/rExr0Btby5loQm20Q=="],

    "shebang-command": ["shebang-command@2.0.0", "", { "dependencies": { "shebang-regex": "^3.0.0" } }, "sha512-kHxr2zZpYtdmrN1qDjrrX/Z1rR1kG8Dx+gkpK1G4eXmvXswmcE1hTWBWYUzlraYw1/yZp6YuDY77YtvbN0dmDA=="],

    "shebang-regex": ["shebang-regex@3.0.0", "", {}, "sha512-7++dFhtcx3353uBaq8DDR4NuxBetBzC7ZQOhmTQInHEd6bSrXdiEyzCvG07Z44UYdLShWUyXt5M/yhz8ekcb1A=="],

    "tagged-tag": ["tagged-tag@1.0.0", "", {}, "sha512-yEFYrVhod+hdNyx7g5Bnkkb0G6si8HJurOoOEgC8B/O0uXLHlaey/65KRv6cuWBNhBgHKAROVpc7QyYqE5gFng=="],

    "tinyglobby": ["tinyglobby@0.2.15", "", { "dependencies": { "fdir": "^6.5.0", "picomatch": "^4.0.3" } }, "sha512-j2Zq4NyQYG5XMST4cbs02Ak8iJUdxRM0XI5QyxXuZOzKOINmWurp3smXu3y5wDcJrptwpSjgXHzIQxR0omXljQ=="],

    "ts-api-utils": ["ts-api-utils@2.4.0", "", { "peerDependencies": { "typescript": ">=4.8.4" } }, "sha512-3TaVTaAv2gTiMB35i3FiGJaRfwb3Pyn/j3m/bfAvGe8FB7CF6u+LMYqYlDh7reQf7UNvoTvdfAqHGmPGOSsPmA=="],

    "tunnel": ["tunnel@0.0.6", "", {}, "sha512-1h/Lnq9yajKY2PEbBadPXj3VxsDDu844OnaAo52UVmIzIvwwtBPIuNvkjuzBlTWpfJyUbG3ez0KSBibQkj4ojg=="],

    "type-check": ["type-check@0.4.0", "", { "dependencies": { "prelude-ls": "^1.2.1" } }, "sha512-XleUoc9uwGXqjWwXaUTZAmzMcFZ5858QA2vvx1Ur5xIcixXIP+8LnFDgRplU30us6teqdlskFfu+ae4K79Ooew=="],

    "type-fest": ["type-fest@5.4.3", "", { "dependencies": { "tagged-tag": "^1.0.0" } }, "sha512-AXSAQJu79WGc79/3e9/CR77I/KQgeY1AhNvcShIH4PTcGYyC4xv6H4R4AUOwkPS5799KlVDAu8zExeCrkGquiA=="],

    "typescript": ["typescript@5.9.3", "", { "bin": { "tsc": "bin/tsc", "tsserver": "bin/tsserver" } }, "sha512-jl1vZzPDinLr9eUt3J/t7V6FgNEw9QjvBPdysz9KfQDD41fQrC2Y4vKQdiaUpFT4bXlb1RHhLpp8wtm6M5TgSw=="],

    "typescript-eslint": ["typescript-eslint@8.54.0", "", { "dependencies": { "@typescript-eslint/eslint-plugin": "8.54.0", "@typescript-eslint/parser": "8.54.0", "@typescript-eslint/typescript-estree": "8.54.0", "@typescript-eslint/utils": "8.54.0" }, "peerDependencies": { "eslint": "^8.57.0 || ^9.0.0", "typescript": ">=4.8.4 <6.0.0" } }, "sha512-CKsJ+g53QpsNPqbzUsfKVgd3Lny4yKZ1pP4qN3jdMOg/sisIDLGyDMezycquXLE5JsEU0wp3dGNdzig0/fmSVQ=="],

    "undici": ["undici@6.23.0", "", {}, "sha512-VfQPToRA5FZs/qJxLIinmU59u0r7LXqoJkCzinq3ckNJp3vKEh7jTWN589YQ5+aoAC/TGRLyJLCPKcLQbM8r9g=="],

    "undici-types": ["undici-types@5.26.5", "", {}, "sha512-JlCMO+ehdEIKqlFxk6IfVoAUVmgz7cU7zD/h9XZ0qzeosSHmUJVOzSQvvYSYWXkFXC+IfLKSIffhv0sVZup6pA=="],

    "universal-user-agent": ["universal-user-agent@7.0.3", "", {}, "sha512-TmnEAEAsBJVZM/AADELsK76llnwcf9vMKuPz8JflO1frO8Lchitr0fNaN9d+Ap0BjKtqWqd/J17qeDnXh8CL2A=="],

    "uri-js": ["uri-js@4.4.1", "", { "dependencies": { "punycode": "^2.1.0" } }, "sha512-7rKUyy33Q1yc98pQ1DAmLtwX109F7TIfWlW1Ydo8Wl1ii1SeHieeh0HHfPeL2fMXK6z0s8ecKs9frCuLJvndBg=="],

    "which": ["which@2.0.2", "", { "dependencies": { "isexe": "^2.0.0" }, "bin": { "node-which": "./bin/node-which" } }, "sha512-BLI3Tl1TW3Pvl70l3yq3Y64i+awpwXqsGBYWkkqMtnbXgrMD+yj7rhW0kuEDxzJaYXGjEW5ogapKNMEKNMjibA=="],

    "yocto-queue": ["yocto-queue@0.1.0", "", {}, "sha512-rVksvsnNCdJ/ohGc6xgPwyN8eheCxsiLM8mxuE/t/mOVqJewPuO1miLpTHQiRgTKCLexL4MeAFVagts7HmNZ2Q=="],

    "@actions/github/@actions/http-client": ["@actions/http-client@3.0.2", "", { "dependencies": { "tunnel": "^0.0.6", "undici": "^6.23.0" } }, "sha512-JP38FYYpyqvUsz+Igqlc/JG6YO9PaKuvqjM3iGvaLqFnJ7TFmcLyy2IDrY0bI0qCQug8E9K+elv5ZNfw62ZJzA=="],

    "@eslint-community/eslint-utils/eslint-visitor-keys": ["eslint-visitor-keys@3.4.3", "", {}, "sha512-wpc+LXeiyiisxPlEkUzU6svyS1frIO3Mgxj1fdy7Pm8Ygzguax2N3Fa/D/ag1WqbOprdI+uY6wMUl8/a2G+iag=="],

    "@humanfs/node/@humanwhocodes/retry": ["@humanwhocodes/retry@0.3.1", "", {}, "sha512-JBxkERygn7Bv/GbN5Rv8Ul6LVknS+5Bp6RgDC/O8gEBU/yeH5Ui5C/OlWrTb6qct7LjjfT6Re2NxB0ln0yYybA=="],

    "@typescript-eslint/eslint-plugin/ignore": ["ignore@7.0.5", "", {}, "sha512-Hs59xBNfUIunMFgWAbGX5cq6893IbWg4KnrjbYwX3tx0ztorVgTDA6B2sxf8ejHJ4wz8BqGUMYlnzNBer5NvGg=="],

    "@typescript-eslint/typescript-estree/minimatch": ["minimatch@9.0.5", "", { "dependencies": { "brace-expansion": "^2.0.1" } }, "sha512-G6T0ZX48xgozx7587koeX9Ys2NYy6Gmv//P89sEte9V9whIapMNF4idKxnW2QtCcLiTWlb/wfCabAtAFWhhBow=="],

    "@typescript-eslint/visitor-keys/eslint-visitor-keys": ["eslint-visitor-keys@4.2.1", "", {}, "sha512-Uhdk5sfqcee/9H/rCOJikYz67o0a2Tw2hGRPOG2Y1R2dg7brRe1uG0yaNQDHu+TO/uQPF/5eCapvYSmHUjt7JQ=="],

    "eslint-scope/@types/estree": ["@types/estree@1.0.8", "", {}, "sha512-dWHzHa2WqEXI/O1E9OjrocMTKJl2mSrEolh1Iomrv6U+JuNwaHXsXx9bLu5gG7BUWFIN0skIQJQ/L1rIex4X6w=="],

    "@typescript-eslint/typescript-estree/minimatch/brace-expansion": ["brace-expansion@2.0.1", "", { "dependencies": { "balanced-match": "^1.0.0" } }, "sha512-XnAIvQ8eM+kC6aULx6wuQiwVsnzsi9d3WxzV3FpWTGA19F621kwdbsAcFKXgKUHZWsy+mY6iL1sHTxWEFCytDA=="],

    "@typescript-eslint/typescript-estree/minimatch/brace-expansion/balanced-match": ["balanced-match@1.0.2", "", {}, "sha512-3oSeUO0TMV67hN1AmbXsK4yaqU7tjiHlbxRDZOpH0KW9+CeX4bRAaX0Anxt0tx2MrpRpWwQaPwIlISEJhYU5Pw=="],
  }
}
